
Microsoft Visual Studio Solution File, Format Version 12.00
# Visual Studio 2013
VisualStudioVersion = 12.0.21005.1
MinimumVisualStudioVersion = 10.0.40219.1
Project("{2150E333-8FDC-42A3-9474-1A3956D46DE8}") = "1. BANG.Common", "1. BANG.Common", "{21534573-6ACA-4705-81D0-DE0E684EC565}"
EndProject
Project("{2150E333-8FDC-42A3-9474-1A3956D46DE8}") = "BANG.CYBOSPLUS", "BANG.CYBOSPLUS", "{D71E4CEA-2032-4F70-99B5-B08F5A82B5E5}"
EndProject
Project("{2150E333-8FDC-42A3-9474-1A3956D46DE8}") = "BANG.Cell", "BANG.Cell", "{452A0DD3-B020-4AF3-B680-16A3C2578F41}"
EndProject
Project("{2150E333-8FDC-42A3-9474-1A3956D46DE8}") = "2. PROJECT", "2. PROJECT", "{99B7BF7D-C0A0-499E-B1FB-C2E5B2721DC7}"
EndProject
Project("{2150E333-8FDC-42A3-9474-1A3956D46DE8}") = "GlobalManager", "GlobalManager", "{4E4A3224-02D3-42DB-B180-0B09432B9A00}"
EndProject
Project("{2150E333-8FDC-42A3-9474-1A3956D46DE8}") = "DAL", "DAL", "{40C55250-C706-4AFD-9C7D-A7DD7F9E26E9}"
EndProject
Project("{2150E333-8FDC-42A3-9474-1A3956D46DE8}") = "DataCollector", "DataCollector", "{A60326F8-C4B9-43D6-85A2-DD4DB427EC3F}"
EndProject
Project("{2150E333-8FDC-42A3-9474-1A3956D46DE8}") = "BANG.IdeaBank", "BANG.IdeaBank", "{ADF57282-6D06-4D23-B693-9D07FB9CFDA1}"
EndProject
Project("{2150E333-8FDC-42A3-9474-1A3956D46DE8}") = "BANG.AutoSync", "BANG.AutoSync", "{92357D13-0810-4499-887D-A502A43F2A1F}"
EndProject
Project("{2150E333-8FDC-42A3-9474-1A3956D46DE8}") = "BANG.ImprintPicture", "BANG.ImprintPicture", "{C4C0EFEA-4350-4EB8-B89D-2FB52F7D757F}"
EndProject
Project("{2150E333-8FDC-42A3-9474-1A3956D46DE8}") = "BANG.RemoteEye", "BANG.RemoteEye", "{7DE0E61B-F385-489C-8A44-E489F3AFB60F}"
EndProject
Project("{2150E333-8FDC-42A3-9474-1A3956D46DE8}") = "BANG.MoneyBook", "BANG.MoneyBook", "{47283A3F-CB10-4015-A5F1-73F4B3E8502B}"
EndProject
Project("{2150E333-8FDC-42A3-9474-1A3956D46DE8}") = "3. Exec", "3. Exec", "{4D2AB4F5-070F-4A32-A419-3CCBCA0D5075}"
EndProject
Project("{2150E333-8FDC-42A3-9474-1A3956D46DE8}") = "BANG.Toy4June", "BANG.Toy4June", "{1A87FFC8-8999-45F8-A484-F1B821BE91CD}"
EndProject
Project("{2150E333-8FDC-42A3-9474-1A3956D46DE8}") = "Analysis", "Analysis", "{1353DD50-4A72-4C02-9A86-310348C959E2}"
EndProject
Project("{2150E333-8FDC-42A3-9474-1A3956D46DE8}") = "Documents", "Documents", "{7455C42A-EE52-4939-A630-854B293533AF}"
EndProject
Project("{FAE04EC0-301F-11D3-BF4B-00C04F79EFBC}") = "BANG.Common.Log", "BANG.COMMON\BANG.Common.Log\BANG.Common.Log.csproj", "{1EE72F3B-EA28-4C60-84DF-A1DA32DC1AD9}"
EndProject
Project("{FAE04EC0-301F-11D3-BF4B-00C04F79EFBC}") = "Cell", "PROJECT\BANG.Cell\Cell\Cell.csproj", "{655D3A88-0F05-4207-A3BD-1A1331D51B35}"
EndProject
Project("{FAE04EC0-301F-11D3-BF4B-00C04F79EFBC}") = "BANG.CYBOSPLUS.DAL", "PROJECT\BANG.CYBOSPLUS\DAL\BANG.CYBOSPLUS.DAL\BANG.CYBOSPLUS.DAL.csproj", "{76A0DF17-E466-4DB0-950B-CA0D6A4CAC0B}"
EndProject
Project("{FAE04EC0-301F-11D3-BF4B-00C04F79EFBC}") = "BANG.CYBOSPLUS.DataCollector", "PROJECT\BANG.CYBOSPLUS\DataCollector\BANG.CYBOSPLUS.DataCollector\BANG.CYBOSPLUS.DataCollector.csproj", "{86A0B7D3-E825-40AC-94C5-956797430718}"
EndProject
Project("{FAE04EC0-301F-11D3-BF4B-00C04F79EFBC}") = "BANG.CYBOSPLUS.DataCollector.StocksRequest", "PROJECT\BANG.CYBOSPLUS\DataCollector\BANG.CYBOSPLUS.DataCollector.StocksRequest\BANG.CYBOSPLUS.DataCollector.StocksRequest.csproj", "{60FC22D6-2BB7-46C2-BAC1-7BBB3FD13468}"
EndProject
Project("{FAE04EC0-301F-11D3-BF4B-00C04F79EFBC}") = "StocksSubscribe", "PROJECT\BANG.CYBOSPLUS\DataCollector\BANG.CYBOSPLUS.DataCollector.StocksSubscribe\StocksSubscribe\StocksSubscribe.csproj", "{53E96F5C-181F-4851-BCF7-92D7FC2A4372}"
EndProject
Project("{FAE04EC0-301F-11D3-BF4B-00C04F79EFBC}") = "BANG.Common.Timer", "BANG.COMMON\BANG.Common.Timer\BANG.Common.Timer\BANG.Common.Timer.csproj", "{1798C8F4-641D-42E1-9589-8C959008801A}"
EndProject
Project("{FAE04EC0-301F-11D3-BF4B-00C04F79EFBC}") = "MoneyBook", "PROJECT\BANG.MoneyBook\MoneyBook\MoneyBook\MoneyBook.csproj", "{E4BCC545-6955-4206-B2D0-53500400469D}"
EndProject
Project("{FAE04EC0-301F-11D3-BF4B-00C04F79EFBC}") = "MoneyBookDAL", "PROJECT\BANG.MoneyBook\MoneyBook\MoneyBookDAL\MoneyBookDAL\MoneyBookDAL.csproj", "{F0726717-FF12-4BFC-87E7-B07C7B8E07B6}"
EndProject
Project("{FAE04EC0-301F-11D3-BF4B-00C04F79EFBC}") = "MoneyBookMobile", "PROJECT\BANG.MoneyBook\MoneyBook\MoneyBookMobile\MoneyBookMobile\MoneyBookMobile.csproj", "{CC966889-104B-480C-A84A-8A78933C79B3}"
EndProject
Project("{FAE04EC0-301F-11D3-BF4B-00C04F79EFBC}") = "SVC_FindBuyPoint", "PROJECT\BANG.CYBOSPLUS\Analysis\SVC_FindBuyPoint\SVC_FindBuyPoint.csproj", "{349AEC05-CA52-4A00-8D7A-CFCD398EEFB3}"
EndProject
Project("{FAE04EC0-301F-11D3-BF4B-00C04F79EFBC}") = "PerformanceTestForm", "PROJECT\BANG.CYBOSPLUS\Analysis\PerformanceTestForm\PerformanceTestForm.csproj", "{015E4FA6-23CE-4553-959D-785E85A0B1A8}"
EndProject
Project("{8BC9CEB8-8B4A-11D0-8D11-00A0C91BC942}") = "FindBuyPointsWin32", "PROJECT\BANG.CYBOSPLUS\Analysis\FindBuyPointsWin32\FindBuyPointsWin32.vcxproj", "{132CEAFD-433C-48E1-9E0B-742516D85D45}"
EndProject
Project("{FAE04EC0-301F-11D3-BF4B-00C04F79EFBC}") = "CalcBuyValue", "PROJECT\BANG.CYBOSPLUS\Analysis\CalcBuyValue\CalcBuyValue\CalcBuyValue.csproj", "{302AE50E-F336-4D84-9186-DC5163598E46}"
EndProject
Project("{FAE04EC0-301F-11D3-BF4B-00C04F79EFBC}") = "BANG.IdeaBang.WebConsole", "PROJECT\BANG.IdeaBank\BANG.IdeaBang.WebConsole\BANG.IdeaBang.WebConsole.csproj", "{8B100646-7B13-4995-9B6F-0E9DB1299E88}"
EndProject
Project("{FAE04EC0-301F-11D3-BF4B-00C04F79EFBC}") = "CybosPlusStarter", "PROJECT\BANG.CYBOSPLUS\GlobalManager\CybosPlusStarter\CybosPlusStarter.csproj", "{4D46457C-832E-4C85-B862-813EEFC41A82}"
EndProject
Project("{FAE04EC0-301F-11D3-BF4B-00C04F79EFBC}") = "BANG.CYBOSPLUS.DAL.ORACLE", "PROJECT\BANG.CYBOSPLUS\DAL\BANG.CYBOSPLUS.DAL.ORACLE\BANG.CYBOSPLUS.DAL.ORACLE.csproj", "{E545B644-FCEF-4DD9-A389-3F547B66FDF8}"
EndProject
Project("{2150E333-8FDC-42A3-9474-1A3956D46DE8}") = "Trader", "Trader", "{A9F9B8D5-EC59-40E9-A3A4-D4C6DEC86B5D}"
EndProject
Project("{FAE04EC0-301F-11D3-BF4B-00C04F79EFBC}") = "Genius", "PROJECT\BANG.CYBOSPLUS\Trader\Genius\Genius.csproj", "{F15490EF-BA34-454E-88CE-33E749734667}"
EndProject
Project("{FAE04EC0-301F-11D3-BF4B-00C04F79EFBC}") = "SimulatorService", "PROJECT\BANG.CYBOSPLUS\Trader\SimulatorService\SimulatorService.csproj", "{F3459C11-55B8-4851-A2DB-94D6134150EE}"
EndProject
Project("{FAE04EC0-301F-11D3-BF4B-00C04F79EFBC}") = "OrderFormETRADE", "PROJECT\BANG.CYBOSPLUS\Trader\OrderForm\OrderForm\OrderFormETRADE.csproj", "{4EE321A3-36EB-42E0-9216-63D2DA7A8A2D}"
EndProject
Project("{FAE04EC0-301F-11D3-BF4B-00C04F79EFBC}") = "GeniusTester", "PROJECT\BANG.CYBOSPLUS\Trader\GeniusTester\GeniusTester.csproj", "{0C74EFB0-2223-4BAF-B7D3-78D3A7A59310}"
EndProject
Project("{FAE04EC0-301F-11D3-BF4B-00C04F79EFBC}") = "GeniusTests", "GeniusTests\GeniusTests.csproj", "{7BDAFD91-8EC4-41F0-8305-968563663D1C}"
EndProject
Project("{FAE04EC0-301F-11D3-BF4B-00C04F79EFBC}") = "BANG.CYBOSPLUS.DAL.ORACLETests", "BANG.CYBOSPLUS.DAL.ORACLETests\BANG.CYBOSPLUS.DAL.ORACLETests.csproj", "{6127960B-C368-44FB-AB01-767A6E5A6B39}"
EndProject
Project("{2150E333-8FDC-42A3-9474-1A3956D46DE8}") = "4. TEST", "4. TEST", "{2FC9DEBA-9D5B-411E-ABF0-665B91534D9F}"
EndProject
Project("{E24C65DC-7377-472B-9ABA-BC803B73C61A}") = "TraderWebConsole", "http://localhost:6634", "{0DEF2848-C043-46B0-8EFD-77886ACEAD5D}"
	ProjectSection(WebsiteProperties) = preProject
		SccProjectName = "Svn"
		SccAuxPath = "Svn"
		SccLocalPath = "Svn"
		SccProvider = "SubversionScc"
		UseIISExpress = "true"
		TargetFrameworkMoniker = ".NETFramework,Version%3Dv3.5"
		Debug.AspNetCompiler.VirtualPath = "/localhost_6634"
		Debug.AspNetCompiler.PhysicalPath = "PROJECT\BANG.CYBOSPLUS\Trader\TraderWebConsole\"
		Debug.AspNetCompiler.TargetPath = "PrecompiledWeb\localhost_6634\"
		Debug.AspNetCompiler.Updateable = "true"
		Debug.AspNetCompiler.ForceOverwrite = "true"
		Debug.AspNetCompiler.FixedNames = "false"
		Debug.AspNetCompiler.Debug = "True"
		Release.AspNetCompiler.VirtualPath = "/localhost_6634"
		Release.AspNetCompiler.PhysicalPath = "PROJECT\BANG.CYBOSPLUS\Trader\TraderWebConsole\"
		Release.AspNetCompiler.TargetPath = "PrecompiledWeb\localhost_6634\"
		Release.AspNetCompiler.Updateable = "true"
		Release.AspNetCompiler.ForceOverwrite = "true"
		Release.AspNetCompiler.FixedNames = "false"
		Release.AspNetCompiler.Debug = "False"
		SlnRelativePath = "PROJECT\BANG.CYBOSPLUS\Trader\TraderWebConsole\"
		DefaultWebSiteLanguage = "Visual C#"
	EndProjectSection
	ProjectSection(SvnOrigin) = preProject
		@Keys = Enlist,Svn.Uri
		Enlist = Required
		Svn.Uri = PROJECT/BANG.CYBOSPLUS/Trader/TraderWebConsole/
	EndProjectSection
EndProject
Project("{2150E333-8FDC-42A3-9474-1A3956D46DE8}") = "만들면서 배우는 기계 학습", "만들면서 배우는 기계 학습", "{8BEE0DA4-0CBB-4F1B-AE40-5E160661B08D}"
EndProject
Project("{8BC9CEB8-8B4A-11D0-8D11-00A0C91BC942}") = "Exam2-1", "Exec\만들면서 배우는 기계 학습\Exam2-1\Exam2-1.vcxproj", "{92DBB397-9EEC-4214-8329-E3476CE8D0F8}"
EndProject
Project("{FAE04EC0-301F-11D3-BF4B-00C04F79EFBC}") = "BuyConditionTester", "PROJECT\BANG.CYBOSPLUS\Trader\BuyConditionTester\BuyConditionTester.csproj", "{DD8C750B-A6FF-4C13-966A-47AA697FDA9B}"
EndProject
Global
	GlobalSection(SubversionScc) = preSolution
		Svn-Managed = True
		Manager = AnkhSVN - Subversion Support for Visual Studio
	EndGlobalSection
	GlobalSection(SolutionConfigurationPlatforms) = preSolution
		Debug|Any CPU = Debug|Any CPU
		Debug|Mixed Platforms = Debug|Mixed Platforms
		Debug|Win32 = Debug|Win32
		Debug|x86 = Debug|x86
		Release|Any CPU = Release|Any CPU
		Release|Mixed Platforms = Release|Mixed Platforms
		Release|Win32 = Release|Win32
		Release|x86 = Release|x86
	EndGlobalSection
	GlobalSection(ProjectConfigurationPlatforms) = postSolution
		{1EE72F3B-EA28-4C60-84DF-A1DA32DC1AD9}.Debug|Any CPU.ActiveCfg = Debug|Any CPU
		{1EE72F3B-EA28-4C60-84DF-A1DA32DC1AD9}.Debug|Any CPU.Build.0 = Debug|Any CPU
		{1EE72F3B-EA28-4C60-84DF-A1DA32DC1AD9}.Debug|Mixed Platforms.ActiveCfg = Debug|Any CPU
		{1EE72F3B-EA28-4C60-84DF-A1DA32DC1AD9}.Debug|Mixed Platforms.Build.0 = Debug|Any CPU
		{1EE72F3B-EA28-4C60-84DF-A1DA32DC1AD9}.Debug|Win32.ActiveCfg = Debug|Any CPU
		{1EE72F3B-EA28-4C60-84DF-A1DA32DC1AD9}.Debug|x86.ActiveCfg = Debug|Any CPU
		{1EE72F3B-EA28-4C60-84DF-A1DA32DC1AD9}.Release|Any CPU.ActiveCfg = Release|Any CPU
		{1EE72F3B-EA28-4C60-84DF-A1DA32DC1AD9}.Release|Any CPU.Build.0 = Release|Any CPU
		{1EE72F3B-EA28-4C60-84DF-A1DA32DC1AD9}.Release|Mixed Platforms.ActiveCfg = Release|Any CPU
		{1EE72F3B-EA28-4C60-84DF-A1DA32DC1AD9}.Release|Mixed Platforms.Build.0 = Release|Any CPU
		{1EE72F3B-EA28-4C60-84DF-A1DA32DC1AD9}.Release|Win32.ActiveCfg = Release|Any CPU
		{1EE72F3B-EA28-4C60-84DF-A1DA32DC1AD9}.Release|x86.ActiveCfg = Release|Any CPU
		{655D3A88-0F05-4207-A3BD-1A1331D51B35}.Debug|Any CPU.ActiveCfg = Debug|Any CPU
		{655D3A88-0F05-4207-A3BD-1A1331D51B35}.Debug|Any CPU.Build.0 = Debug|Any CPU
		{655D3A88-0F05-4207-A3BD-1A1331D51B35}.Debug|Mixed Platforms.ActiveCfg = Debug|Any CPU
		{655D3A88-0F05-4207-A3BD-1A1331D51B35}.Debug|Mixed Platforms.Build.0 = Debug|Any CPU
		{655D3A88-0F05-4207-A3BD-1A1331D51B35}.Debug|Win32.ActiveCfg = Debug|Any CPU
		{655D3A88-0F05-4207-A3BD-1A1331D51B35}.Debug|x86.ActiveCfg = Debug|Any CPU
		{655D3A88-0F05-4207-A3BD-1A1331D51B35}.Release|Any CPU.ActiveCfg = Release|Any CPU
		{655D3A88-0F05-4207-A3BD-1A1331D51B35}.Release|Any CPU.Build.0 = Release|Any CPU
		{655D3A88-0F05-4207-A3BD-1A1331D51B35}.Release|Mixed Platforms.ActiveCfg = Release|Any CPU
		{655D3A88-0F05-4207-A3BD-1A1331D51B35}.Release|Mixed Platforms.Build.0 = Release|Any CPU
		{655D3A88-0F05-4207-A3BD-1A1331D51B35}.Release|Win32.ActiveCfg = Release|Any CPU
		{655D3A88-0F05-4207-A3BD-1A1331D51B35}.Release|x86.ActiveCfg = Release|Any CPU
		{76A0DF17-E466-4DB0-950B-CA0D6A4CAC0B}.Debug|Any CPU.ActiveCfg = Debug|Any CPU
		{76A0DF17-E466-4DB0-950B-CA0D6A4CAC0B}.Debug|Any CPU.Build.0 = Debug|Any CPU
		{76A0DF17-E466-4DB0-950B-CA0D6A4CAC0B}.Debug|Mixed Platforms.ActiveCfg = Debug|Any CPU
		{76A0DF17-E466-4DB0-950B-CA0D6A4CAC0B}.Debug|Mixed Platforms.Build.0 = Debug|Any CPU
		{76A0DF17-E466-4DB0-950B-CA0D6A4CAC0B}.Debug|Win32.ActiveCfg = Debug|Any CPU
		{76A0DF17-E466-4DB0-950B-CA0D6A4CAC0B}.Debug|x86.ActiveCfg = Debug|Any CPU
		{76A0DF17-E466-4DB0-950B-CA0D6A4CAC0B}.Release|Any CPU.ActiveCfg = Release|Any CPU
		{76A0DF17-E466-4DB0-950B-CA0D6A4CAC0B}.Release|Any CPU.Build.0 = Release|Any CPU
		{76A0DF17-E466-4DB0-950B-CA0D6A4CAC0B}.Release|Mixed Platforms.ActiveCfg = Release|Any CPU
		{76A0DF17-E466-4DB0-950B-CA0D6A4CAC0B}.Release|Mixed Platforms.Build.0 = Release|Any CPU
		{76A0DF17-E466-4DB0-950B-CA0D6A4CAC0B}.Release|Win32.ActiveCfg = Release|Any CPU
		{76A0DF17-E466-4DB0-950B-CA0D6A4CAC0B}.Release|x86.ActiveCfg = Release|Any CPU
		{86A0B7D3-E825-40AC-94C5-956797430718}.Debug|Any CPU.ActiveCfg = Debug|x86
		{86A0B7D3-E825-40AC-94C5-956797430718}.Debug|Any CPU.Build.0 = Debug|x86
		{86A0B7D3-E825-40AC-94C5-956797430718}.Debug|Mixed Platforms.ActiveCfg = Debug|x86
		{86A0B7D3-E825-40AC-94C5-956797430718}.Debug|Mixed Platforms.Build.0 = Debug|x86
		{86A0B7D3-E825-40AC-94C5-956797430718}.Debug|Win32.ActiveCfg = Debug|x86
		{86A0B7D3-E825-40AC-94C5-956797430718}.Debug|x86.ActiveCfg = Debug|x86
		{86A0B7D3-E825-40AC-94C5-956797430718}.Debug|x86.Build.0 = Debug|x86
		{86A0B7D3-E825-40AC-94C5-956797430718}.Release|Any CPU.ActiveCfg = Release|x86
		{86A0B7D3-E825-40AC-94C5-956797430718}.Release|Any CPU.Build.0 = Release|x86
		{86A0B7D3-E825-40AC-94C5-956797430718}.Release|Mixed Platforms.ActiveCfg = Release|x86
		{86A0B7D3-E825-40AC-94C5-956797430718}.Release|Mixed Platforms.Build.0 = Release|x86
		{86A0B7D3-E825-40AC-94C5-956797430718}.Release|Win32.ActiveCfg = Release|x86
		{86A0B7D3-E825-40AC-94C5-956797430718}.Release|x86.ActiveCfg = Release|x86
		{86A0B7D3-E825-40AC-94C5-956797430718}.Release|x86.Build.0 = Release|x86
		{60FC22D6-2BB7-46C2-BAC1-7BBB3FD13468}.Debug|Any CPU.ActiveCfg = Debug|Any CPU
		{60FC22D6-2BB7-46C2-BAC1-7BBB3FD13468}.Debug|Any CPU.Build.0 = Debug|Any CPU
		{60FC22D6-2BB7-46C2-BAC1-7BBB3FD13468}.Debug|Mixed Platforms.ActiveCfg = Debug|Any CPU
		{60FC22D6-2BB7-46C2-BAC1-7BBB3FD13468}.Debug|Mixed Platforms.Build.0 = Debug|Any CPU
		{60FC22D6-2BB7-46C2-BAC1-7BBB3FD13468}.Debug|Win32.ActiveCfg = Debug|Any CPU
		{60FC22D6-2BB7-46C2-BAC1-7BBB3FD13468}.Debug|x86.ActiveCfg = Debug|Any CPU
		{60FC22D6-2BB7-46C2-BAC1-7BBB3FD13468}.Release|Any CPU.ActiveCfg = Release|Any CPU
		{60FC22D6-2BB7-46C2-BAC1-7BBB3FD13468}.Release|Any CPU.Build.0 = Release|Any CPU
		{60FC22D6-2BB7-46C2-BAC1-7BBB3FD13468}.Release|Mixed Platforms.ActiveCfg = Release|Any CPU
		{60FC22D6-2BB7-46C2-BAC1-7BBB3FD13468}.Release|Mixed Platforms.Build.0 = Release|Any CPU
		{60FC22D6-2BB7-46C2-BAC1-7BBB3FD13468}.Release|Win32.ActiveCfg = Release|Any CPU
		{60FC22D6-2BB7-46C2-BAC1-7BBB3FD13468}.Release|x86.ActiveCfg = Release|Any CPU
		{53E96F5C-181F-4851-BCF7-92D7FC2A4372}.Debug|Any CPU.ActiveCfg = Debug|Any CPU
		{53E96F5C-181F-4851-BCF7-92D7FC2A4372}.Debug|Any CPU.Build.0 = Debug|Any CPU
		{53E96F5C-181F-4851-BCF7-92D7FC2A4372}.Debug|Mixed Platforms.ActiveCfg = Debug|Any CPU
		{53E96F5C-181F-4851-BCF7-92D7FC2A4372}.Debug|Mixed Platforms.Build.0 = Debug|Any CPU
		{53E96F5C-181F-4851-BCF7-92D7FC2A4372}.Debug|Win32.ActiveCfg = Debug|Any CPU
		{53E96F5C-181F-4851-BCF7-92D7FC2A4372}.Debug|x86.ActiveCfg = Debug|Any CPU
		{53E96F5C-181F-4851-BCF7-92D7FC2A4372}.Release|Any CPU.ActiveCfg = Release|Any CPU
		{53E96F5C-181F-4851-BCF7-92D7FC2A4372}.Release|Any CPU.Build.0 = Release|Any CPU
		{53E96F5C-181F-4851-BCF7-92D7FC2A4372}.Release|Mixed Platforms.ActiveCfg = Release|Any CPU
		{53E96F5C-181F-4851-BCF7-92D7FC2A4372}.Release|Mixed Platforms.Build.0 = Release|Any CPU
		{53E96F5C-181F-4851-BCF7-92D7FC2A4372}.Release|Win32.ActiveCfg = Release|Any CPU
		{53E96F5C-181F-4851-BCF7-92D7FC2A4372}.Release|x86.ActiveCfg = Release|Any CPU
		{1798C8F4-641D-42E1-9589-8C959008801A}.Debug|Any CPU.ActiveCfg = Debug|Any CPU
		{1798C8F4-641D-42E1-9589-8C959008801A}.Debug|Any CPU.Build.0 = Debug|Any CPU
		{1798C8F4-641D-42E1-9589-8C959008801A}.Debug|Mixed Platforms.ActiveCfg = Debug|Any CPU
		{1798C8F4-641D-42E1-9589-8C959008801A}.Debug|Mixed Platforms.Build.0 = Debug|Any CPU
		{1798C8F4-641D-42E1-9589-8C959008801A}.Debug|Win32.ActiveCfg = Debug|Any CPU
		{1798C8F4-641D-42E1-9589-8C959008801A}.Debug|x86.ActiveCfg = Debug|Any CPU
		{1798C8F4-641D-42E1-9589-8C959008801A}.Release|Any CPU.ActiveCfg = Release|Any CPU
		{1798C8F4-641D-42E1-9589-8C959008801A}.Release|Any CPU.Build.0 = Release|Any CPU
		{1798C8F4-641D-42E1-9589-8C959008801A}.Release|Mixed Platforms.ActiveCfg = Release|Any CPU
		{1798C8F4-641D-42E1-9589-8C959008801A}.Release|Mixed Platforms.Build.0 = Release|Any CPU
		{1798C8F4-641D-42E1-9589-8C959008801A}.Release|Win32.ActiveCfg = Release|Any CPU
		{1798C8F4-641D-42E1-9589-8C959008801A}.Release|x86.ActiveCfg = Release|Any CPU
		{E4BCC545-6955-4206-B2D0-53500400469D}.Debug|Any CPU.ActiveCfg = Debug|x86
		{E4BCC545-6955-4206-B2D0-53500400469D}.Debug|Any CPU.Build.0 = Debug|x86
		{E4BCC545-6955-4206-B2D0-53500400469D}.Debug|Mixed Platforms.ActiveCfg = Debug|x86
		{E4BCC545-6955-4206-B2D0-53500400469D}.Debug|Mixed Platforms.Build.0 = Debug|x86
		{E4BCC545-6955-4206-B2D0-53500400469D}.Debug|Win32.ActiveCfg = Debug|x86
		{E4BCC545-6955-4206-B2D0-53500400469D}.Debug|x86.ActiveCfg = Debug|x86
		{E4BCC545-6955-4206-B2D0-53500400469D}.Debug|x86.Build.0 = Debug|x86
		{E4BCC545-6955-4206-B2D0-53500400469D}.Release|Any CPU.ActiveCfg = Release|x86
		{E4BCC545-6955-4206-B2D0-53500400469D}.Release|Any CPU.Build.0 = Release|x86
		{E4BCC545-6955-4206-B2D0-53500400469D}.Release|Mixed Platforms.ActiveCfg = Release|x86
		{E4BCC545-6955-4206-B2D0-53500400469D}.Release|Mixed Platforms.Build.0 = Release|x86
		{E4BCC545-6955-4206-B2D0-53500400469D}.Release|Win32.ActiveCfg = Release|x86
		{E4BCC545-6955-4206-B2D0-53500400469D}.Release|x86.ActiveCfg = Release|x86
		{E4BCC545-6955-4206-B2D0-53500400469D}.Release|x86.Build.0 = Release|x86
		{F0726717-FF12-4BFC-87E7-B07C7B8E07B6}.Debug|Any CPU.ActiveCfg = Debug|Any CPU
		{F0726717-FF12-4BFC-87E7-B07C7B8E07B6}.Debug|Any CPU.Build.0 = Debug|Any CPU
		{F0726717-FF12-4BFC-87E7-B07C7B8E07B6}.Debug|Mixed Platforms.ActiveCfg = Debug|Any CPU
		{F0726717-FF12-4BFC-87E7-B07C7B8E07B6}.Debug|Mixed Platforms.Build.0 = Debug|Any CPU
		{F0726717-FF12-4BFC-87E7-B07C7B8E07B6}.Debug|Win32.ActiveCfg = Debug|Any CPU
		{F0726717-FF12-4BFC-87E7-B07C7B8E07B6}.Debug|x86.ActiveCfg = Debug|Any CPU
		{F0726717-FF12-4BFC-87E7-B07C7B8E07B6}.Release|Any CPU.ActiveCfg = Release|Any CPU
		{F0726717-FF12-4BFC-87E7-B07C7B8E07B6}.Release|Any CPU.Build.0 = Release|Any CPU
		{F0726717-FF12-4BFC-87E7-B07C7B8E07B6}.Release|Mixed Platforms.ActiveCfg = Release|Any CPU
		{F0726717-FF12-4BFC-87E7-B07C7B8E07B6}.Release|Mixed Platforms.Build.0 = Release|Any CPU
		{F0726717-FF12-4BFC-87E7-B07C7B8E07B6}.Release|Win32.ActiveCfg = Release|Any CPU
		{F0726717-FF12-4BFC-87E7-B07C7B8E07B6}.Release|x86.ActiveCfg = Release|Any CPU
		{CC966889-104B-480C-A84A-8A78933C79B3}.Debug|Any CPU.ActiveCfg = Debug|Any CPU
		{CC966889-104B-480C-A84A-8A78933C79B3}.Debug|Any CPU.Build.0 = Debug|Any CPU
		{CC966889-104B-480C-A84A-8A78933C79B3}.Debug|Mixed Platforms.ActiveCfg = Debug|Any CPU
		{CC966889-104B-480C-A84A-8A78933C79B3}.Debug|Mixed Platforms.Build.0 = Debug|Any CPU
		{CC966889-104B-480C-A84A-8A78933C79B3}.Debug|Win32.ActiveCfg = Debug|Any CPU
		{CC966889-104B-480C-A84A-8A78933C79B3}.Debug|x86.ActiveCfg = Debug|Any CPU
		{CC966889-104B-480C-A84A-8A78933C79B3}.Release|Any CPU.ActiveCfg = Release|Any CPU
		{CC966889-104B-480C-A84A-8A78933C79B3}.Release|Any CPU.Build.0 = Release|Any CPU
		{CC966889-104B-480C-A84A-8A78933C79B3}.Release|Mixed Platforms.ActiveCfg = Release|Any CPU
		{CC966889-104B-480C-A84A-8A78933C79B3}.Release|Mixed Platforms.Build.0 = Release|Any CPU
		{CC966889-104B-480C-A84A-8A78933C79B3}.Release|Win32.ActiveCfg = Release|Any CPU
		{CC966889-104B-480C-A84A-8A78933C79B3}.Release|x86.ActiveCfg = Release|Any CPU
		{349AEC05-CA52-4A00-8D7A-CFCD398EEFB3}.Debug|Any CPU.ActiveCfg = Debug|x86
		{349AEC05-CA52-4A00-8D7A-CFCD398EEFB3}.Debug|Any CPU.Build.0 = Debug|x86
		{349AEC05-CA52-4A00-8D7A-CFCD398EEFB3}.Debug|Mixed Platforms.ActiveCfg = Debug|x86
		{349AEC05-CA52-4A00-8D7A-CFCD398EEFB3}.Debug|Mixed Platforms.Build.0 = Debug|x86
		{349AEC05-CA52-4A00-8D7A-CFCD398EEFB3}.Debug|Win32.ActiveCfg = Debug|x86
		{349AEC05-CA52-4A00-8D7A-CFCD398EEFB3}.Debug|x86.ActiveCfg = Debug|x86
		{349AEC05-CA52-4A00-8D7A-CFCD398EEFB3}.Debug|x86.Build.0 = Debug|x86
		{349AEC05-CA52-4A00-8D7A-CFCD398EEFB3}.Release|Any CPU.ActiveCfg = Release|x86
		{349AEC05-CA52-4A00-8D7A-CFCD398EEFB3}.Release|Any CPU.Build.0 = Release|x86
		{349AEC05-CA52-4A00-8D7A-CFCD398EEFB3}.Release|Mixed Platforms.ActiveCfg = Release|x86
		{349AEC05-CA52-4A00-8D7A-CFCD398EEFB3}.Release|Mixed Platforms.Build.0 = Release|x86
		{349AEC05-CA52-4A00-8D7A-CFCD398EEFB3}.Release|Win32.ActiveCfg = Release|x86
		{349AEC05-CA52-4A00-8D7A-CFCD398EEFB3}.Release|x86.ActiveCfg = Release|x86
		{349AEC05-CA52-4A00-8D7A-CFCD398EEFB3}.Release|x86.Build.0 = Release|x86
		{015E4FA6-23CE-4553-959D-785E85A0B1A8}.Debug|Any CPU.ActiveCfg = Debug|x86
		{015E4FA6-23CE-4553-959D-785E85A0B1A8}.Debug|Any CPU.Build.0 = Debug|x86
		{015E4FA6-23CE-4553-959D-785E85A0B1A8}.Debug|Mixed Platforms.ActiveCfg = Debug|x86
		{015E4FA6-23CE-4553-959D-785E85A0B1A8}.Debug|Mixed Platforms.Build.0 = Debug|x86
		{015E4FA6-23CE-4553-959D-785E85A0B1A8}.Debug|Win32.ActiveCfg = Debug|x86
		{015E4FA6-23CE-4553-959D-785E85A0B1A8}.Debug|x86.ActiveCfg = Debug|x86
		{015E4FA6-23CE-4553-959D-785E85A0B1A8}.Debug|x86.Build.0 = Debug|x86
		{015E4FA6-23CE-4553-959D-785E85A0B1A8}.Release|Any CPU.ActiveCfg = Release|x86
		{015E4FA6-23CE-4553-959D-785E85A0B1A8}.Release|Mixed Platforms.ActiveCfg = Release|x86
		{015E4FA6-23CE-4553-959D-785E85A0B1A8}.Release|Mixed Platforms.Build.0 = Release|x86
		{015E4FA6-23CE-4553-959D-785E85A0B1A8}.Release|Win32.ActiveCfg = Release|x86
		{015E4FA6-23CE-4553-959D-785E85A0B1A8}.Release|x86.ActiveCfg = Release|x86
		{015E4FA6-23CE-4553-959D-785E85A0B1A8}.Release|x86.Build.0 = Release|x86
		{132CEAFD-433C-48E1-9E0B-742516D85D45}.Debug|Any CPU.ActiveCfg = Debug|Win32
		{132CEAFD-433C-48E1-9E0B-742516D85D45}.Debug|Mixed Platforms.ActiveCfg = Debug|Win32
		{132CEAFD-433C-48E1-9E0B-742516D85D45}.Debug|Mixed Platforms.Build.0 = Debug|Win32
		{132CEAFD-433C-48E1-9E0B-742516D85D45}.Debug|Win32.ActiveCfg = Debug|Win32
		{132CEAFD-433C-48E1-9E0B-742516D85D45}.Debug|Win32.Build.0 = Debug|Win32
		{132CEAFD-433C-48E1-9E0B-742516D85D45}.Debug|x86.ActiveCfg = Debug|Win32
		{132CEAFD-433C-48E1-9E0B-742516D85D45}.Release|Any CPU.ActiveCfg = Release|Win32
		{132CEAFD-433C-48E1-9E0B-742516D85D45}.Release|Mixed Platforms.ActiveCfg = Release|Win32
		{132CEAFD-433C-48E1-9E0B-742516D85D45}.Release|Mixed Platforms.Build.0 = Release|Win32
		{132CEAFD-433C-48E1-9E0B-742516D85D45}.Release|Win32.ActiveCfg = Release|Win32
		{132CEAFD-433C-48E1-9E0B-742516D85D45}.Release|Win32.Build.0 = Release|Win32
		{132CEAFD-433C-48E1-9E0B-742516D85D45}.Release|x86.ActiveCfg = Release|Win32
		{302AE50E-F336-4D84-9186-DC5163598E46}.Debug|Any CPU.ActiveCfg = Debug|x86
		{302AE50E-F336-4D84-9186-DC5163598E46}.Debug|Any CPU.Build.0 = Debug|x86
		{302AE50E-F336-4D84-9186-DC5163598E46}.Debug|Mixed Platforms.ActiveCfg = Debug|x86
		{302AE50E-F336-4D84-9186-DC5163598E46}.Debug|Mixed Platforms.Build.0 = Debug|x86
		{302AE50E-F336-4D84-9186-DC5163598E46}.Debug|Win32.ActiveCfg = Debug|x86
		{302AE50E-F336-4D84-9186-DC5163598E46}.Debug|x86.ActiveCfg = Debug|x86
		{302AE50E-F336-4D84-9186-DC5163598E46}.Debug|x86.Build.0 = Debug|x86
		{302AE50E-F336-4D84-9186-DC5163598E46}.Release|Any CPU.ActiveCfg = Release|x86
		{302AE50E-F336-4D84-9186-DC5163598E46}.Release|Mixed Platforms.ActiveCfg = Release|x86
		{302AE50E-F336-4D84-9186-DC5163598E46}.Release|Mixed Platforms.Build.0 = Release|x86
		{302AE50E-F336-4D84-9186-DC5163598E46}.Release|Win32.ActiveCfg = Release|x86
		{302AE50E-F336-4D84-9186-DC5163598E46}.Release|x86.ActiveCfg = Release|x86
		{302AE50E-F336-4D84-9186-DC5163598E46}.Release|x86.Build.0 = Release|x86
		{8B100646-7B13-4995-9B6F-0E9DB1299E88}.Debug|Any CPU.ActiveCfg = Debug|Any CPU
		{8B100646-7B13-4995-9B6F-0E9DB1299E88}.Debug|Any CPU.Build.0 = Debug|Any CPU
		{8B100646-7B13-4995-9B6F-0E9DB1299E88}.Debug|Mixed Platforms.ActiveCfg = Debug|Any CPU
		{8B100646-7B13-4995-9B6F-0E9DB1299E88}.Debug|Mixed Platforms.Build.0 = Debug|Any CPU
		{8B100646-7B13-4995-9B6F-0E9DB1299E88}.Debug|Win32.ActiveCfg = Debug|Any CPU
		{8B100646-7B13-4995-9B6F-0E9DB1299E88}.Debug|x86.ActiveCfg = Debug|Any CPU
		{8B100646-7B13-4995-9B6F-0E9DB1299E88}.Release|Any CPU.ActiveCfg = Release|Any CPU
		{8B100646-7B13-4995-9B6F-0E9DB1299E88}.Release|Any CPU.Build.0 = Release|Any CPU
		{8B100646-7B13-4995-9B6F-0E9DB1299E88}.Release|Mixed Platforms.ActiveCfg = Release|Any CPU
		{8B100646-7B13-4995-9B6F-0E9DB1299E88}.Release|Mixed Platforms.Build.0 = Release|Any CPU
		{8B100646-7B13-4995-9B6F-0E9DB1299E88}.Release|Win32.ActiveCfg = Release|Any CPU
		{8B100646-7B13-4995-9B6F-0E9DB1299E88}.Release|x86.ActiveCfg = Release|Any CPU
		{4D46457C-832E-4C85-B862-813EEFC41A82}.Debug|Any CPU.ActiveCfg = Debug|Any CPU
		{4D46457C-832E-4C85-B862-813EEFC41A82}.Debug|Any CPU.Build.0 = Debug|Any CPU
		{4D46457C-832E-4C85-B862-813EEFC41A82}.Debug|Mixed Platforms.ActiveCfg = Debug|Any CPU
		{4D46457C-832E-4C85-B862-813EEFC41A82}.Debug|Mixed Platforms.Build.0 = Debug|Any CPU
		{4D46457C-832E-4C85-B862-813EEFC41A82}.Debug|Win32.ActiveCfg = Debug|Any CPU
		{4D46457C-832E-4C85-B862-813EEFC41A82}.Debug|x86.ActiveCfg = Debug|Any CPU
		{4D46457C-832E-4C85-B862-813EEFC41A82}.Release|Any CPU.ActiveCfg = Release|Any CPU
		{4D46457C-832E-4C85-B862-813EEFC41A82}.Release|Any CPU.Build.0 = Release|Any CPU
		{4D46457C-832E-4C85-B862-813EEFC41A82}.Release|Mixed Platforms.ActiveCfg = Release|Any CPU
		{4D46457C-832E-4C85-B862-813EEFC41A82}.Release|Mixed Platforms.Build.0 = Release|Any CPU
		{4D46457C-832E-4C85-B862-813EEFC41A82}.Release|Win32.ActiveCfg = Release|Any CPU
		{4D46457C-832E-4C85-B862-813EEFC41A82}.Release|x86.ActiveCfg = Release|Any CPU
		{E545B644-FCEF-4DD9-A389-3F547B66FDF8}.Debug|Any CPU.ActiveCfg = Debug|Any CPU
		{E545B644-FCEF-4DD9-A389-3F547B66FDF8}.Debug|Any CPU.Build.0 = Debug|Any CPU
		{E545B644-FCEF-4DD9-A389-3F547B66FDF8}.Debug|Mixed Platforms.ActiveCfg = Debug|Any CPU
		{E545B644-FCEF-4DD9-A389-3F547B66FDF8}.Debug|Mixed Platforms.Build.0 = Debug|Any CPU
		{E545B644-FCEF-4DD9-A389-3F547B66FDF8}.Debug|Win32.ActiveCfg = Debug|Any CPU
		{E545B644-FCEF-4DD9-A389-3F547B66FDF8}.Debug|x86.ActiveCfg = Debug|Any CPU
		{E545B644-FCEF-4DD9-A389-3F547B66FDF8}.Release|Any CPU.ActiveCfg = Release|Any CPU
		{E545B644-FCEF-4DD9-A389-3F547B66FDF8}.Release|Any CPU.Build.0 = Release|Any CPU
		{E545B644-FCEF-4DD9-A389-3F547B66FDF8}.Release|Mixed Platforms.ActiveCfg = Release|Any CPU
		{E545B644-FCEF-4DD9-A389-3F547B66FDF8}.Release|Mixed Platforms.Build.0 = Release|Any CPU
		{E545B644-FCEF-4DD9-A389-3F547B66FDF8}.Release|Win32.ActiveCfg = Release|Any CPU
		{E545B644-FCEF-4DD9-A389-3F547B66FDF8}.Release|x86.ActiveCfg = Release|Any CPU
		{F15490EF-BA34-454E-88CE-33E749734667}.Debug|Any CPU.ActiveCfg = Debug|Any CPU
		{F15490EF-BA34-454E-88CE-33E749734667}.Debug|Any CPU.Build.0 = Debug|Any CPU
		{F15490EF-BA34-454E-88CE-33E749734667}.Debug|Mixed Platforms.ActiveCfg = Debug|Any CPU
		{F15490EF-BA34-454E-88CE-33E749734667}.Debug|Mixed Platforms.Build.0 = Debug|Any CPU
		{F15490EF-BA34-454E-88CE-33E749734667}.Debug|Win32.ActiveCfg = Debug|Any CPU
		{F15490EF-BA34-454E-88CE-33E749734667}.Debug|x86.ActiveCfg = Debug|Any CPU
		{F15490EF-BA34-454E-88CE-33E749734667}.Release|Any CPU.ActiveCfg = Release|Any CPU
		{F15490EF-BA34-454E-88CE-33E749734667}.Release|Any CPU.Build.0 = Release|Any CPU
		{F15490EF-BA34-454E-88CE-33E749734667}.Release|Mixed Platforms.ActiveCfg = Release|Any CPU
		{F15490EF-BA34-454E-88CE-33E749734667}.Release|Mixed Platforms.Build.0 = Release|Any CPU
		{F15490EF-BA34-454E-88CE-33E749734667}.Release|Win32.ActiveCfg = Release|Any CPU
		{F15490EF-BA34-454E-88CE-33E749734667}.Release|x86.ActiveCfg = Release|Any CPU
		{F3459C11-55B8-4851-A2DB-94D6134150EE}.Debug|Any CPU.ActiveCfg = Debug|Any CPU
		{F3459C11-55B8-4851-A2DB-94D6134150EE}.Debug|Any CPU.Build.0 = Debug|Any CPU
		{F3459C11-55B8-4851-A2DB-94D6134150EE}.Debug|Mixed Platforms.ActiveCfg = Debug|Any CPU
		{F3459C11-55B8-4851-A2DB-94D6134150EE}.Debug|Mixed Platforms.Build.0 = Debug|Any CPU
		{F3459C11-55B8-4851-A2DB-94D6134150EE}.Debug|Win32.ActiveCfg = Debug|Any CPU
		{F3459C11-55B8-4851-A2DB-94D6134150EE}.Debug|x86.ActiveCfg = Debug|Any CPU
		{F3459C11-55B8-4851-A2DB-94D6134150EE}.Release|Any CPU.ActiveCfg = Release|Any CPU
		{F3459C11-55B8-4851-A2DB-94D6134150EE}.Release|Any CPU.Build.0 = Release|Any CPU
		{F3459C11-55B8-4851-A2DB-94D6134150EE}.Release|Mixed Platforms.ActiveCfg = Release|Any CPU
		{F3459C11-55B8-4851-A2DB-94D6134150EE}.Release|Mixed Platforms.Build.0 = Release|Any CPU
		{F3459C11-55B8-4851-A2DB-94D6134150EE}.Release|Win32.ActiveCfg = Release|Any CPU
		{F3459C11-55B8-4851-A2DB-94D6134150EE}.Release|x86.ActiveCfg = Release|Any CPU
		{4EE321A3-36EB-42E0-9216-63D2DA7A8A2D}.Debug|Any CPU.ActiveCfg = Debug|Any CPU
		{4EE321A3-36EB-42E0-9216-63D2DA7A8A2D}.Debug|Any CPU.Build.0 = Debug|Any CPU
		{4EE321A3-36EB-42E0-9216-63D2DA7A8A2D}.Debug|Mixed Platforms.ActiveCfg = Debug|Any CPU
		{4EE321A3-36EB-42E0-9216-63D2DA7A8A2D}.Debug|Mixed Platforms.Build.0 = Debug|Any CPU
		{4EE321A3-36EB-42E0-9216-63D2DA7A8A2D}.Debug|Win32.ActiveCfg = Debug|Any CPU
		{4EE321A3-36EB-42E0-9216-63D2DA7A8A2D}.Debug|x86.ActiveCfg = Debug|Any CPU
		{4EE321A3-36EB-42E0-9216-63D2DA7A8A2D}.Release|Any CPU.ActiveCfg = Release|Any CPU
		{4EE321A3-36EB-42E0-9216-63D2DA7A8A2D}.Release|Any CPU.Build.0 = Release|Any CPU
		{4EE321A3-36EB-42E0-9216-63D2DA7A8A2D}.Release|Mixed Platforms.ActiveCfg = Release|Any CPU
		{4EE321A3-36EB-42E0-9216-63D2DA7A8A2D}.Release|Mixed Platforms.Build.0 = Release|Any CPU
		{4EE321A3-36EB-42E0-9216-63D2DA7A8A2D}.Release|Win32.ActiveCfg = Release|Any CPU
		{4EE321A3-36EB-42E0-9216-63D2DA7A8A2D}.Release|x86.ActiveCfg = Release|Any CPU
		{0C74EFB0-2223-4BAF-B7D3-78D3A7A59310}.Debug|Any CPU.ActiveCfg = Debug|Any CPU
		{0C74EFB0-2223-4BAF-B7D3-78D3A7A59310}.Debug|Any CPU.Build.0 = Debug|Any CPU
		{0C74EFB0-2223-4BAF-B7D3-78D3A7A59310}.Debug|Mixed Platforms.ActiveCfg = Debug|Any CPU
		{0C74EFB0-2223-4BAF-B7D3-78D3A7A59310}.Debug|Mixed Platforms.Build.0 = Debug|Any CPU
		{0C74EFB0-2223-4BAF-B7D3-78D3A7A59310}.Debug|Win32.ActiveCfg = Debug|Any CPU
		{0C74EFB0-2223-4BAF-B7D3-78D3A7A59310}.Debug|x86.ActiveCfg = Debug|Any CPU
		{0C74EFB0-2223-4BAF-B7D3-78D3A7A59310}.Release|Any CPU.ActiveCfg = Release|Any CPU
		{0C74EFB0-2223-4BAF-B7D3-78D3A7A59310}.Release|Any CPU.Build.0 = Release|Any CPU
		{0C74EFB0-2223-4BAF-B7D3-78D3A7A59310}.Release|Mixed Platforms.ActiveCfg = Release|Any CPU
		{0C74EFB0-2223-4BAF-B7D3-78D3A7A59310}.Release|Mixed Platforms.Build.0 = Release|Any CPU
		{0C74EFB0-2223-4BAF-B7D3-78D3A7A59310}.Release|Win32.ActiveCfg = Release|Any CPU
		{0C74EFB0-2223-4BAF-B7D3-78D3A7A59310}.Release|x86.ActiveCfg = Release|Any CPU
		{7BDAFD91-8EC4-41F0-8305-968563663D1C}.Debug|Any CPU.ActiveCfg = Debug|Any CPU
		{7BDAFD91-8EC4-41F0-8305-968563663D1C}.Debug|Any CPU.Build.0 = Debug|Any CPU
		{7BDAFD91-8EC4-41F0-8305-968563663D1C}.Debug|Mixed Platforms.ActiveCfg = Debug|Any CPU
		{7BDAFD91-8EC4-41F0-8305-968563663D1C}.Debug|Mixed Platforms.Build.0 = Debug|Any CPU
		{7BDAFD91-8EC4-41F0-8305-968563663D1C}.Debug|Win32.ActiveCfg = Debug|Any CPU
		{7BDAFD91-8EC4-41F0-8305-968563663D1C}.Debug|x86.ActiveCfg = Debug|Any CPU
		{7BDAFD91-8EC4-41F0-8305-968563663D1C}.Release|Any CPU.ActiveCfg = Release|Any CPU
		{7BDAFD91-8EC4-41F0-8305-968563663D1C}.Release|Any CPU.Build.0 = Release|Any CPU
		{7BDAFD91-8EC4-41F0-8305-968563663D1C}.Release|Mixed Platforms.ActiveCfg = Release|Any CPU
		{7BDAFD91-8EC4-41F0-8305-968563663D1C}.Release|Mixed Platforms.Build.0 = Release|Any CPU
		{7BDAFD91-8EC4-41F0-8305-968563663D1C}.Release|Win32.ActiveCfg = Release|Any CPU
		{7BDAFD91-8EC4-41F0-8305-968563663D1C}.Release|x86.ActiveCfg = Release|Any CPU
		{6127960B-C368-44FB-AB01-767A6E5A6B39}.Debug|Any CPU.ActiveCfg = Debug|Any CPU
		{6127960B-C368-44FB-AB01-767A6E5A6B39}.Debug|Any CPU.Build.0 = Debug|Any CPU
		{6127960B-C368-44FB-AB01-767A6E5A6B39}.Debug|Mixed Platforms.ActiveCfg = Debug|Any CPU
		{6127960B-C368-44FB-AB01-767A6E5A6B39}.Debug|Mixed Platforms.Build.0 = Debug|Any CPU
		{6127960B-C368-44FB-AB01-767A6E5A6B39}.Debug|Win32.ActiveCfg = Debug|Any CPU
		{6127960B-C368-44FB-AB01-767A6E5A6B39}.Debug|x86.ActiveCfg = Debug|Any CPU
		{6127960B-C368-44FB-AB01-767A6E5A6B39}.Release|Any CPU.ActiveCfg = Release|Any CPU
		{6127960B-C368-44FB-AB01-767A6E5A6B39}.Release|Any CPU.Build.0 = Release|Any CPU
		{6127960B-C368-44FB-AB01-767A6E5A6B39}.Release|Mixed Platforms.ActiveCfg = Release|Any CPU
		{6127960B-C368-44FB-AB01-767A6E5A6B39}.Release|Mixed Platforms.Build.0 = Release|Any CPU
		{6127960B-C368-44FB-AB01-767A6E5A6B39}.Release|Win32.ActiveCfg = Release|Any CPU
		{6127960B-C368-44FB-AB01-767A6E5A6B39}.Release|x86.ActiveCfg = Release|Any CPU
		{0DEF2848-C043-46B0-8EFD-77886ACEAD5D}.Debug|Any CPU.ActiveCfg = Debug|Any CPU
		{0DEF2848-C043-46B0-8EFD-77886ACEAD5D}.Debug|Any CPU.Build.0 = Debug|Any CPU
		{0DEF2848-C043-46B0-8EFD-77886ACEAD5D}.Debug|Mixed Platforms.ActiveCfg = Debug|Any CPU
		{0DEF2848-C043-46B0-8EFD-77886ACEAD5D}.Debug|Mixed Platforms.Build.0 = Debug|Any CPU
		{0DEF2848-C043-46B0-8EFD-77886ACEAD5D}.Debug|Win32.ActiveCfg = Debug|Any CPU
		{0DEF2848-C043-46B0-8EFD-77886ACEAD5D}.Debug|x86.ActiveCfg = Debug|Any CPU
		{0DEF2848-C043-46B0-8EFD-77886ACEAD5D}.Release|Any CPU.ActiveCfg = Debug|Any CPU
		{0DEF2848-C043-46B0-8EFD-77886ACEAD5D}.Release|Any CPU.Build.0 = Debug|Any CPU
		{0DEF2848-C043-46B0-8EFD-77886ACEAD5D}.Release|Mixed Platforms.ActiveCfg = Debug|Any CPU
		{0DEF2848-C043-46B0-8EFD-77886ACEAD5D}.Release|Mixed Platforms.Build.0 = Debug|Any CPU
		{0DEF2848-C043-46B0-8EFD-77886ACEAD5D}.Release|Win32.ActiveCfg = Debug|Any CPU
		{0DEF2848-C043-46B0-8EFD-77886ACEAD5D}.Release|x86.ActiveCfg = Debug|Any CPU
		{92DBB397-9EEC-4214-8329-E3476CE8D0F8}.Debug|Any CPU.ActiveCfg = Debug|Win32
		{92DBB397-9EEC-4214-8329-E3476CE8D0F8}.Debug|Mixed Platforms.ActiveCfg = Debug|Win32
		{92DBB397-9EEC-4214-8329-E3476CE8D0F8}.Debug|Mixed Platforms.Build.0 = Debug|Win32
		{92DBB397-9EEC-4214-8329-E3476CE8D0F8}.Debug|Win32.ActiveCfg = Debug|Win32
		{92DBB397-9EEC-4214-8329-E3476CE8D0F8}.Debug|Win32.Build.0 = Debug|Win32
		{92DBB397-9EEC-4214-8329-E3476CE8D0F8}.Debug|x86.ActiveCfg = Debug|Win32
		{92DBB397-9EEC-4214-8329-E3476CE8D0F8}.Debug|x86.Build.0 = Debug|Win32
		{92DBB397-9EEC-4214-8329-E3476CE8D0F8}.Release|Any CPU.ActiveCfg = Release|Win32
		{92DBB397-9EEC-4214-8329-E3476CE8D0F8}.Release|Mixed Platforms.ActiveCfg = Release|Win32
		{92DBB397-9EEC-4214-8329-E3476CE8D0F8}.Release|Mixed Platforms.Build.0 = Release|Win32
		{92DBB397-9EEC-4214-8329-E3476CE8D0F8}.Release|Win32.ActiveCfg = Release|Win32
		{92DBB397-9EEC-4214-8329-E3476CE8D0F8}.Release|Win32.Build.0 = Release|Win32
		{92DBB397-9EEC-4214-8329-E3476CE8D0F8}.Release|x86.ActiveCfg = Release|Win32
		{92DBB397-9EEC-4214-8329-E3476CE8D0F8}.Release|x86.Build.0 = Release|Win32
		{DD8C750B-A6FF-4C13-966A-47AA697FDA9B}.Debug|Any CPU.ActiveCfg = Debug|Any CPU
		{DD8C750B-A6FF-4C13-966A-47AA697FDA9B}.Debug|Any CPU.Build.0 = Debug|Any CPU
		{DD8C750B-A6FF-4C13-966A-47AA697FDA9B}.Debug|Mixed Platforms.ActiveCfg = Debug|Any CPU
		{DD8C750B-A6FF-4C13-966A-47AA697FDA9B}.Debug|Mixed Platforms.Build.0 = Debug|Any CPU
		{DD8C750B-A6FF-4C13-966A-47AA697FDA9B}.Debug|Win32.ActiveCfg = Debug|Any CPU
		{DD8C750B-A6FF-4C13-966A-47AA697FDA9B}.Debug|x86.ActiveCfg = Debug|Any CPU
		{DD8C750B-A6FF-4C13-966A-47AA697FDA9B}.Release|Any CPU.ActiveCfg = Release|Any CPU
		{DD8C750B-A6FF-4C13-966A-47AA697FDA9B}.Release|Any CPU.Build.0 = Release|Any CPU
		{DD8C750B-A6FF-4C13-966A-47AA697FDA9B}.Release|Mixed Platforms.ActiveCfg = Release|Any CPU
		{DD8C750B-A6FF-4C13-966A-47AA697FDA9B}.Release|Mixed Platforms.Build.0 = Release|Any CPU
		{DD8C750B-A6FF-4C13-966A-47AA697FDA9B}.Release|Win32.ActiveCfg = Release|Any CPU
		{DD8C750B-A6FF-4C13-966A-47AA697FDA9B}.Release|x86.ActiveCfg = Release|Any CPU
	EndGlobalSection
	GlobalSection(SolutionProperties) = preSolution
		HideSolutionNode = FALSE
	EndGlobalSection
	GlobalSection(NestedProjects) = preSolution
		{1EE72F3B-EA28-4C60-84DF-A1DA32DC1AD9} = {21534573-6ACA-4705-81D0-DE0E684EC565}
		{1798C8F4-641D-42E1-9589-8C959008801A} = {21534573-6ACA-4705-81D0-DE0E684EC565}
		{452A0DD3-B020-4AF3-B680-16A3C2578F41} = {99B7BF7D-C0A0-499E-B1FB-C2E5B2721DC7}
		{D71E4CEA-2032-4F70-99B5-B08F5A82B5E5} = {99B7BF7D-C0A0-499E-B1FB-C2E5B2721DC7}
		{ADF57282-6D06-4D23-B693-9D07FB9CFDA1} = {99B7BF7D-C0A0-499E-B1FB-C2E5B2721DC7}
		{92357D13-0810-4499-887D-A502A43F2A1F} = {99B7BF7D-C0A0-499E-B1FB-C2E5B2721DC7}
		{C4C0EFEA-4350-4EB8-B89D-2FB52F7D757F} = {99B7BF7D-C0A0-499E-B1FB-C2E5B2721DC7}
		{7DE0E61B-F385-489C-8A44-E489F3AFB60F} = {99B7BF7D-C0A0-499E-B1FB-C2E5B2721DC7}
		{47283A3F-CB10-4015-A5F1-73F4B3E8502B} = {99B7BF7D-C0A0-499E-B1FB-C2E5B2721DC7}
		{1A87FFC8-8999-45F8-A484-F1B821BE91CD} = {99B7BF7D-C0A0-499E-B1FB-C2E5B2721DC7}
		{655D3A88-0F05-4207-A3BD-1A1331D51B35} = {452A0DD3-B020-4AF3-B680-16A3C2578F41}
		{4E4A3224-02D3-42DB-B180-0B09432B9A00} = {D71E4CEA-2032-4F70-99B5-B08F5A82B5E5}
		{40C55250-C706-4AFD-9C7D-A7DD7F9E26E9} = {D71E4CEA-2032-4F70-99B5-B08F5A82B5E5}
		{A60326F8-C4B9-43D6-85A2-DD4DB427EC3F} = {D71E4CEA-2032-4F70-99B5-B08F5A82B5E5}
		{1353DD50-4A72-4C02-9A86-310348C959E2} = {D71E4CEA-2032-4F70-99B5-B08F5A82B5E5}
		{A9F9B8D5-EC59-40E9-A3A4-D4C6DEC86B5D} = {D71E4CEA-2032-4F70-99B5-B08F5A82B5E5}
		{4D46457C-832E-4C85-B862-813EEFC41A82} = {4E4A3224-02D3-42DB-B180-0B09432B9A00}
		{76A0DF17-E466-4DB0-950B-CA0D6A4CAC0B} = {40C55250-C706-4AFD-9C7D-A7DD7F9E26E9}
		{E545B644-FCEF-4DD9-A389-3F547B66FDF8} = {40C55250-C706-4AFD-9C7D-A7DD7F9E26E9}
		{86A0B7D3-E825-40AC-94C5-956797430718} = {A60326F8-C4B9-43D6-85A2-DD4DB427EC3F}
		{60FC22D6-2BB7-46C2-BAC1-7BBB3FD13468} = {A60326F8-C4B9-43D6-85A2-DD4DB427EC3F}
		{53E96F5C-181F-4851-BCF7-92D7FC2A4372} = {A60326F8-C4B9-43D6-85A2-DD4DB427EC3F}
		{7455C42A-EE52-4939-A630-854B293533AF} = {ADF57282-6D06-4D23-B693-9D07FB9CFDA1}
		{8B100646-7B13-4995-9B6F-0E9DB1299E88} = {ADF57282-6D06-4D23-B693-9D07FB9CFDA1}
		{E4BCC545-6955-4206-B2D0-53500400469D} = {47283A3F-CB10-4015-A5F1-73F4B3E8502B}
		{F0726717-FF12-4BFC-87E7-B07C7B8E07B6} = {47283A3F-CB10-4015-A5F1-73F4B3E8502B}
		{CC966889-104B-480C-A84A-8A78933C79B3} = {47283A3F-CB10-4015-A5F1-73F4B3E8502B}
		{8BEE0DA4-0CBB-4F1B-AE40-5E160661B08D} = {4D2AB4F5-070F-4A32-A419-3CCBCA0D5075}
		{349AEC05-CA52-4A00-8D7A-CFCD398EEFB3} = {1353DD50-4A72-4C02-9A86-310348C959E2}
		{015E4FA6-23CE-4553-959D-785E85A0B1A8} = {1353DD50-4A72-4C02-9A86-310348C959E2}
		{132CEAFD-433C-48E1-9E0B-742516D85D45} = {1353DD50-4A72-4C02-9A86-310348C959E2}
		{302AE50E-F336-4D84-9186-DC5163598E46} = {1353DD50-4A72-4C02-9A86-310348C959E2}
		{F15490EF-BA34-454E-88CE-33E749734667} = {A9F9B8D5-EC59-40E9-A3A4-D4C6DEC86B5D}
		{F3459C11-55B8-4851-A2DB-94D6134150EE} = {A9F9B8D5-EC59-40E9-A3A4-D4C6DEC86B5D}
		{4EE321A3-36EB-42E0-9216-63D2DA7A8A2D} = {A9F9B8D5-EC59-40E9-A3A4-D4C6DEC86B5D}
		{0C74EFB0-2223-4BAF-B7D3-78D3A7A59310} = {A9F9B8D5-EC59-40E9-A3A4-D4C6DEC86B5D}
		{0DEF2848-C043-46B0-8EFD-77886ACEAD5D} = {A9F9B8D5-EC59-40E9-A3A4-D4C6DEC86B5D}
		{DD8C750B-A6FF-4C13-966A-47AA697FDA9B} = {A9F9B8D5-EC59-40E9-A3A4-D4C6DEC86B5D}
		{6127960B-C368-44FB-AB01-767A6E5A6B39} = {2FC9DEBA-9D5B-411E-ABF0-665B91534D9F}
		{7BDAFD91-8EC4-41F0-8305-968563663D1C} = {2FC9DEBA-9D5B-411E-ABF0-665B91534D9F}
		{92DBB397-9EEC-4214-8329-E3476CE8D0F8} = {8BEE0DA4-0CBB-4F1B-AE40-5E160661B08D}
	EndGlobalSection
	GlobalSection(ExtensibilityGlobals) = postSolution
		VisualSVNWorkingCopyRoot = .
	EndGlobalSection
EndGlobal
